
Microsoft Visual Studio Solution File, Format Version 12.00
# Visual Studio Version 16
VisualStudioVersion = 16.0.31205.134
MinimumVisualStudioVersion = 10.0.40219.1
Project("{8BC9CEB8-8B4A-11D0-8D11-00A0C91BC942}") = "CaidaYLimpia40", "CaidaYLimpia40.vcxproj", "{960766BE-387A-4EEE-87B6-C0098D44B17A}"
EndProject
Global
	GlobalSection(SolutionConfigurationPlatforms) = preSolution
		Debug|x64 = Debug|x64
		Debug|x86 = Debug|x86
		Release|x64 = Release|x64
		Release|x86 = Release|x86
	EndGlobalSection
	GlobalSection(ProjectConfigurationPlatforms) = postSolution
		{960766BE-387A-4EEE-87B6-C0098D44B17A}.Debug|x64.ActiveCfg = Debug|x64
		{960766BE-387A-4EEE-87B6-C0098D44B17A}.Debug|x64.Build.0 = Debug|x64
		{960766BE-387A-4EEE-87B6-C0098D44B17A}.Debug|x86.ActiveCfg = Debug|Win32
		{960766BE-387A-4EEE-87B6-C0098D44B17A}.Debug|x86.Build.0 = Debug|Win32
		{960766BE-387A-4EEE-87B6-C0098D44B17A}.Release|x64.ActiveCfg = Release|x64
		{960766BE-387A-4EEE-87B6-C0098D44B17A}.Release|x64.Build.0 = Release|x64
		{960766BE-387A-4EEE-87B6-C0098D44B17A}.Release|x86.ActiveCfg = Release|Win32
		{960766BE-387A-4EEE-87B6-C0098D44B17A}.Release|x86.Build.0 = Release|Win32
	EndGlobalSection
	GlobalSection(SolutionProperties) = preSolution
		HideSolutionNode = FALSE
	EndGlobalSection
	GlobalSection(ExtensibilityGlobals) = postSolution
		SolutionGuid = {976325D5-7834-4B50-8A42-7365B98FBFE4}
	EndGlobalSection
EndGlobal
