<?xml version="1.0" encoding="UTF-8" standalone="yes" ?>
<CodeBlocks_project_file>
	<FileVersion major="1" minor="6" />
	<Project>
		<Option title="caida_y_limpia_40" />
		<Option pch_mode="2" />
		<Option compiler="gcc" />
		<Build>
			<Target title="Debug">
				<Option output="bin/Debug/caida_y_limpia_40" prefix_auto="1" extension_auto="1" />
				<Option object_output="obj/Debug/" />
				<Option type="1" />
				<Option compiler="gcc" />
				<Compiler>
					<Add option="-g" />
					<Add directory="src/classes" />
				</Compiler>
			</Target>
			<Target title="Release">
				<Option output="bin/Release/caida_y_limpia_40" prefix_auto="1" extension_auto="1" />
				<Option object_output="obj/Release/" />
				<Option type="1" />
				<Option compiler="gcc" />
				<Compiler>
					<Add option="-O2" />
					<Add directory="src/classes" />
				</Compiler>
				<Linker>
					<Add option="-s" />
				</Linker>
			</Target>
		</Build>
		<Compiler>
			<Add option="-Wall" />
		</Compiler>
		<Unit filename="src/CaidaYLimpia40.cpp" />
		<Unit filename="src/classes/Card.cpp" />
		<Unit filename="src/classes/Card.h" />
		<Unit filename="src/classes/Deck.cpp" />
		<Unit filename="src/classes/Deck.h" />
		<Unit filename="src/classes/Header.cpp" />
		<Unit filename="src/classes/Header.h" />
		<Unit filename="src/classes/Player.cpp" />
		<Unit filename="src/classes/Player.h" />
		<Unit filename="src/classes/RoomGame.cpp" />
		<Unit filename="src/classes/RoomGame.h" />
		<Unit filename="src/classes/Screen.cpp" />
		<Unit filename="src/classes/Screen.h" />
		<Unit filename="src/classes/StartScreen.cpp" />
		<Unit filename="src/classes/StartScreen.h" />
		<Unit filename="src/classes/Welcome.cpp" />
		<Unit filename="src/classes/Welcome.h" />
		<Unit filename="src/constants/Constants.h" />
		<Unit filename="src/constants/Positions.h" />
		<Unit filename="src/constants/TypeCard.h" />
		<Unit filename="src/functions/Display.cpp" />
		<Unit filename="src/functions/Display.h" />
		<Unit filename="src/functions/Letters.cpp" />
		<Unit filename="src/functions/Letters.h" />
		<Unit filename="src/functions/List.cpp" />
		<Unit filename="src/functions/List.h" />
		<Unit filename="src/functions/Scoring.cpp" />
		<Unit filename="src/functions/Scoring.h" />
		<Extensions />
	</Project>
</CodeBlocks_project_file>
